
SPEC CHECKSUMS: 
  RestKit/ObjectMapping: ccca19640fcc3031f82ad4250c44061e2e2ddce7
  RestKit: ccca19640fcc3031f82ad4250c44061e2e2ddce7
  JSONKit: 3d4708953ea7ae399a49777372d8b060a43ddd27
  UIGlossyButton/LayerEffects: ac45013a4cf79d80dd3a2c137f4d36baf7058b17
  SOCKit: ed67aeeca4a697b63a933229e53f4670d5b9300f
  HockeySDK: 35b80d5cc522b0f53beb5583c635e42ecce69743
  RestKit/Network: ccca19640fcc3031f82ad4250c44061e2e2ddce7
  RestKit/Core: ccca19640fcc3031f82ad4250c44061e2e2ddce7
  UIGlossyButton: ac45013a4cf79d80dd3a2c137f4d36baf7058b17
  AFNetworking: 761a418233d280c1e0580bcb76ff9cb4c3073d17
  UAModalPanel: e0f697b4d89ccf0f07c3dc2eb7d17d0e3cb7fe56
  RestKit/CoreData: ccca19640fcc3031f82ad4250c44061e2e2ddce7
  RestKit/Support: ccca19640fcc3031f82ad4250c44061e2e2ddce7
  UIGlossyButton/Core: ac45013a4cf79d80dd3a2c137f4d36baf7058b17

COCOAPODS: 0.16.0

DEPENDENCIES: 
- HockeySDK
- JSONKit (~> 1.5pre)
- RestKit
- UAModalPanel (~> 1.1.1)
- UIGlossyButton

PODS: 
- AFNetworking (1.1.0)
- HockeySDK (3.0.0)
- JSONKit (1.5pre)
- RestKit (0.20.0pre6): 
  - RestKit/Core (= 0.20.0pre6)
- RestKit/Core (0.20.0pre6): 
  - RestKit/CoreData
  - RestKit/Network
  - RestKit/ObjectMapping
- RestKit/CoreData (0.20.0pre6)
- RestKit/Network (0.20.0pre6): 
  - AFNetworking (= 1.1.0)
  - RestKit/ObjectMapping
  - RestKit/Support
  - SOCKit
- RestKit/ObjectMapping (0.20.0pre6)
- RestKit/Support (0.20.0pre6)
- SOCKit (1.1)
- UAModalPanel (1.1.1)
- UIGlossyButton (0.0.7): 
  - UIGlossyButton/Core (= 0.0.7)
  - UIGlossyButton/LayerEffects (= 0.0.7)
- UIGlossyButton/Core (0.0.7)
- UIGlossyButton/LayerEffects (0.0.7)
